
Microsoft Visual Studio Solution File, Format Version 12.00
# Visual Studio Version 17
VisualStudioVersion = 17.3.32804.467
MinimumVisualStudioVersion = 10.0.40219.1
Project("{FAE04EC0-301F-11D3-BF4B-00C04F79EFBC}") = "aide.Microsoft.Graph.Console", "aide.Microsoft.Graph.Console\aide.Microsoft.Graph.Console.csproj", "{A88A7A0D-2D0C-4A50-BF46-691777FD8A7B}"
EndProject
Project("{FAE04EC0-301F-11D3-BF4B-00C04F79EFBC}") = "aide.Microsoft.Graph.Email", "aide.Microsoft.Graph.Email\aide.Microsoft.Graph.Email.csproj", "{FA29C9D2-9531-43AB-813A-D852A4279ECA}"
EndProject
Project("{FAE04EC0-301F-11D3-BF4B-00C04F79EFBC}") = "aide.Microsoft.Exchange.Mail", "aide.Microsoft.Exchange.Mail\aide.Microsoft.Exchange.Mail.csproj", "{711256BA-1A65-4184-9698-248A0D0A45C5}"
EndProject
Global
	GlobalSection(SolutionConfigurationPlatforms) = preSolution
		Debug|Any CPU = Debug|Any CPU
		Release|Any CPU = Release|Any CPU
	EndGlobalSection
	GlobalSection(ProjectConfigurationPlatforms) = postSolution
		{A88A7A0D-2D0C-4A50-BF46-691777FD8A7B}.Debug|Any CPU.ActiveCfg = Debug|Any CPU
		{A88A7A0D-2D0C-4A50-BF46-691777FD8A7B}.Debug|Any CPU.Build.0 = Debug|Any CPU
		{A88A7A0D-2D0C-4A50-BF46-691777FD8A7B}.Release|Any CPU.ActiveCfg = Release|Any CPU
		{A88A7A0D-2D0C-4A50-BF46-691777FD8A7B}.Release|Any CPU.Build.0 = Release|Any CPU
		{FA29C9D2-9531-43AB-813A-D852A4279ECA}.Debug|Any CPU.ActiveCfg = Debug|Any CPU
		{FA29C9D2-9531-43AB-813A-D852A4279ECA}.Debug|Any CPU.Build.0 = Debug|Any CPU
		{FA29C9D2-9531-43AB-813A-D852A4279ECA}.Release|Any CPU.ActiveCfg = Release|Any CPU
		{FA29C9D2-9531-43AB-813A-D852A4279ECA}.Release|Any CPU.Build.0 = Release|Any CPU
		{711256BA-1A65-4184-9698-248A0D0A45C5}.Debug|Any CPU.ActiveCfg = Debug|Any CPU
		{711256BA-1A65-4184-9698-248A0D0A45C5}.Debug|Any CPU.Build.0 = Debug|Any CPU
		{711256BA-1A65-4184-9698-248A0D0A45C5}.Release|Any CPU.ActiveCfg = Release|Any CPU
		{711256BA-1A65-4184-9698-248A0D0A45C5}.Release|Any CPU.Build.0 = Release|Any CPU
	EndGlobalSection
	GlobalSection(SolutionProperties) = preSolution
		HideSolutionNode = FALSE
	EndGlobalSection
	GlobalSection(ExtensibilityGlobals) = postSolution
		SolutionGuid = {C3602E87-5F28-4500-8BF5-7F4111247C82}
	EndGlobalSection
EndGlobal
